// !$*UTF8*$!
{
	archiveVersion = 1;
	classes = {
	};
	objectVersion = 51;
	objects = {

/* Begin PBXBuildFile section */
		11009C4622A3A1190000C839 /* AppDelegate.swift in Sources */ = {isa = PBXBuildFile; fileRef = 11009C4522A3A1190000C839 /* AppDelegate.swift */; };
		11009C4822A3A1190000C839 /* ViewController.swift in Sources */ = {isa = PBXBuildFile; fileRef = 11009C4722A3A1190000C839 /* ViewController.swift */; };
		11009C4B22A3A1190000C839 /* Main.storyboard in Resources */ = {isa = PBXBuildFile; fileRef = 11009C4922A3A1190000C839 /* Main.storyboard */; };
		11009C4D22A3A11A0000C839 /* Assets.xcassets in Resources */ = {isa = PBXBuildFile; fileRef = 11009C4C22A3A11A0000C839 /* Assets.xcassets */; };
		11009C5B22A3A11A0000C839 /* LadyBugTests.swift in Sources */ = {isa = PBXBuildFile; fileRef = 11009C5A22A3A11A0000C839 /* LadyBugTests.swift */; };
		11009C6622A3A11A0000C839 /* LadyBugUITests.swift in Sources */ = {isa = PBXBuildFile; fileRef = 11009C6522A3A11A0000C839 /* LadyBugUITests.swift */; };
		11009C7522A3A7880000C839 /* logo.png in Resources */ = {isa = PBXBuildFile; fileRef = 11009C7322A3A7870000C839 /* logo.png */; };
		11009C7C22A3CEEC0000C839 /* LoginViewController.swift in Sources */ = {isa = PBXBuildFile; fileRef = 11009C7B22A3CEEC0000C839 /* LoginViewController.swift */; };
		11009C7E22A3F4BD0000C839 /* RegisterViewController.swift in Sources */ = {isa = PBXBuildFile; fileRef = 11009C7D22A3F4BD0000C839 /* RegisterViewController.swift */; };
		11D0115322AD4E8C00277184 /* User.swift in Sources */ = {isa = PBXBuildFile; fileRef = 11D0115222AD4E8C00277184 /* User.swift */; };
		8FABA08814E9CB416A42CC9C /* Pods_LadyBug.framework in Frameworks */ = {isa = PBXBuildFile; fileRef = E99601B7B2FA56DDEB5BA1F7 /* Pods_LadyBug.framework */; };
		9460A880038D0DE5DEAA2062 /* Pods_LadyBugTests.framework in Frameworks */ = {isa = PBXBuildFile; fileRef = 869C4A0E8588495238B7E886 /* Pods_LadyBugTests.framework */; };
		FDA45CA116023BF2BB970ECE /* Pods_LadyBugUITests.framework in Frameworks */ = {isa = PBXBuildFile; fileRef = D191025774D521F4442E0383 /* Pods_LadyBugUITests.framework */; };
/* End PBXBuildFile section */

/* Begin PBXContainerItemProxy section */
		11009C5722A3A11A0000C839 /* PBXContainerItemProxy */ = {
			isa = PBXContainerItemProxy;
			containerPortal = 11009C3A22A3A1190000C839 /* Project object */;
			proxyType = 1;
			remoteGlobalIDString = 11009C4122A3A1190000C839;
			remoteInfo = LadyBug;
		};
		11009C6222A3A11A0000C839 /* PBXContainerItemProxy */ = {
			isa = PBXContainerItemProxy;
			containerPortal = 11009C3A22A3A1190000C839 /* Project object */;
			proxyType = 1;
			remoteGlobalIDString = 11009C4122A3A1190000C839;
			remoteInfo = LadyBug;
		};
/* End PBXContainerItemProxy section */

/* Begin PBXFileReference section */
		11009C4222A3A1190000C839 /* LadyBug.app */ = {isa = PBXFileReference; explicitFileType = wrapper.application; includeInIndex = 0; path = LadyBug.app; sourceTree = BUILT_PRODUCTS_DIR; };
		11009C4522A3A1190000C839 /* AppDelegate.swift */ = {isa = PBXFileReference; lastKnownFileType = sourcecode.swift; path = AppDelegate.swift; sourceTree = "<group>"; };
		11009C4722A3A1190000C839 /* ViewController.swift */ = {isa = PBXFileReference; lastKnownFileType = sourcecode.swift; path = ViewController.swift; sourceTree = "<group>"; };
		11009C4A22A3A1190000C839 /* Base */ = {isa = PBXFileReference; lastKnownFileType = file.storyboard; name = Base; path = Base.lproj/Main.storyboard; sourceTree = "<group>"; };
		11009C4C22A3A11A0000C839 /* Assets.xcassets */ = {isa = PBXFileReference; lastKnownFileType = folder.assetcatalog; path = Assets.xcassets; sourceTree = "<group>"; };
		11009C5122A3A11A0000C839 /* Info.plist */ = {isa = PBXFileReference; lastKnownFileType = text.plist.xml; path = Info.plist; sourceTree = "<group>"; };
		11009C5622A3A11A0000C839 /* LadyBugTests.xctest */ = {isa = PBXFileReference; explicitFileType = wrapper.cfbundle; includeInIndex = 0; path = LadyBugTests.xctest; sourceTree = BUILT_PRODUCTS_DIR; };
		11009C5A22A3A11A0000C839 /* LadyBugTests.swift */ = {isa = PBXFileReference; lastKnownFileType = sourcecode.swift; path = LadyBugTests.swift; sourceTree = "<group>"; };
		11009C5C22A3A11A0000C839 /* Info.plist */ = {isa = PBXFileReference; lastKnownFileType = text.plist.xml; path = Info.plist; sourceTree = "<group>"; };
		11009C6122A3A11A0000C839 /* LadyBugUITests.xctest */ = {isa = PBXFileReference; explicitFileType = wrapper.cfbundle; includeInIndex = 0; path = LadyBugUITests.xctest; sourceTree = BUILT_PRODUCTS_DIR; };
		11009C6522A3A11A0000C839 /* LadyBugUITests.swift */ = {isa = PBXFileReference; lastKnownFileType = sourcecode.swift; path = LadyBugUITests.swift; sourceTree = "<group>"; };
		11009C6722A3A11A0000C839 /* Info.plist */ = {isa = PBXFileReference; lastKnownFileType = text.plist.xml; path = Info.plist; sourceTree = "<group>"; };
		11009C7422A3A7870000C839 /* Base */ = {isa = PBXFileReference; lastKnownFileType = image.png; name = Base; path = Base.lproj/logo.png; sourceTree = "<group>"; };
		11009C7B22A3CEEC0000C839 /* LoginViewController.swift */ = {isa = PBXFileReference; lastKnownFileType = sourcecode.swift; path = LoginViewController.swift; sourceTree = "<group>"; };
		11009C7D22A3F4BD0000C839 /* RegisterViewController.swift */ = {isa = PBXFileReference; lastKnownFileType = sourcecode.swift; path = RegisterViewController.swift; sourceTree = "<group>"; };
		11D0115222AD4E8C00277184 /* User.swift */ = {isa = PBXFileReference; lastKnownFileType = sourcecode.swift; path = User.swift; sourceTree = "<group>"; };
		546A900F41454845F31D2D79 /* Pods-LadyBug.debug.xcconfig */ = {isa = PBXFileReference; includeInIndex = 1; lastKnownFileType = text.xcconfig; name = "Pods-LadyBug.debug.xcconfig"; path = "Target Support Files/Pods-LadyBug/Pods-LadyBug.debug.xcconfig"; sourceTree = "<group>"; };
		82E46ECC8B7EC7E89D9777E4 /* Pods-LadyBugUITests.release.xcconfig */ = {isa = PBXFileReference; includeInIndex = 1; lastKnownFileType = text.xcconfig; name = "Pods-LadyBugUITests.release.xcconfig"; path = "Target Support Files/Pods-LadyBugUITests/Pods-LadyBugUITests.release.xcconfig"; sourceTree = "<group>"; };
		869C4A0E8588495238B7E886 /* Pods_LadyBugTests.framework */ = {isa = PBXFileReference; explicitFileType = wrapper.framework; includeInIndex = 0; path = Pods_LadyBugTests.framework; sourceTree = BUILT_PRODUCTS_DIR; };
		A8AA43E4EC66FB27801F2ACC /* Pods-LadyBugTests.release.xcconfig */ = {isa = PBXFileReference; includeInIndex = 1; lastKnownFileType = text.xcconfig; name = "Pods-LadyBugTests.release.xcconfig"; path = "Target Support Files/Pods-LadyBugTests/Pods-LadyBugTests.release.xcconfig"; sourceTree = "<group>"; };
		B4819B3A271D937AF8C80290 /* Pods-LadyBugUITests.debug.xcconfig */ = {isa = PBXFileReference; includeInIndex = 1; lastKnownFileType = text.xcconfig; name = "Pods-LadyBugUITests.debug.xcconfig"; path = "Target Support Files/Pods-LadyBugUITests/Pods-LadyBugUITests.debug.xcconfig"; sourceTree = "<group>"; };
		D191025774D521F4442E0383 /* Pods_LadyBugUITests.framework */ = {isa = PBXFileReference; explicitFileType = wrapper.framework; includeInIndex = 0; path = Pods_LadyBugUITests.framework; sourceTree = BUILT_PRODUCTS_DIR; };
		E99601B7B2FA56DDEB5BA1F7 /* Pods_LadyBug.framework */ = {isa = PBXFileReference; explicitFileType = wrapper.framework; includeInIndex = 0; path = Pods_LadyBug.framework; sourceTree = BUILT_PRODUCTS_DIR; };
		F01B1EC5AED6879DE679A288 /* Pods-LadyBugTests.debug.xcconfig */ = {isa = PBXFileReference; includeInIndex = 1; lastKnownFileType = text.xcconfig; name = "Pods-LadyBugTests.debug.xcconfig"; path = "Target Support Files/Pods-LadyBugTests/Pods-LadyBugTests.debug.xcconfig"; sourceTree = "<group>"; };
		F6CCB5A6F46A404E153E3EC5 /* Pods-LadyBug.release.xcconfig */ = {isa = PBXFileReference; includeInIndex = 1; lastKnownFileType = text.xcconfig; name = "Pods-LadyBug.release.xcconfig"; path = "Target Support Files/Pods-LadyBug/Pods-LadyBug.release.xcconfig"; sourceTree = "<group>"; };
/* End PBXFileReference section */

/* Begin PBXFrameworksBuildPhase section */
		11009C3F22A3A1190000C839 /* Frameworks */ = {
			isa = PBXFrameworksBuildPhase;
			buildActionMask = 2147483647;
			files = (
				8FABA08814E9CB416A42CC9C /* Pods_LadyBug.framework in Frameworks */,
			);
			runOnlyForDeploymentPostprocessing = 0;
		};
		11009C5322A3A11A0000C839 /* Frameworks */ = {
			isa = PBXFrameworksBuildPhase;
			buildActionMask = 2147483647;
			files = (
				9460A880038D0DE5DEAA2062 /* Pods_LadyBugTests.framework in Frameworks */,
			);
			runOnlyForDeploymentPostprocessing = 0;
		};
		11009C5E22A3A11A0000C839 /* Frameworks */ = {
			isa = PBXFrameworksBuildPhase;
			buildActionMask = 2147483647;
			files = (
				FDA45CA116023BF2BB970ECE /* Pods_LadyBugUITests.framework in Frameworks */,
			);
			runOnlyForDeploymentPostprocessing = 0;
		};
/* End PBXFrameworksBuildPhase section */

/* Begin PBXGroup section */
		11009C3922A3A1190000C839 = {
			isa = PBXGroup;
			children = (
				11009C4422A3A1190000C839 /* LadyBug */,
				11009C5922A3A11A0000C839 /* LadyBugTests */,
				11009C6422A3A11A0000C839 /* LadyBugUITests */,
				11009C4322A3A1190000C839 /* Products */,
				2AB0BE760A05E6DE2B5121B8 /* Pods */,
				7A7BDB4152F58FE3CF4C208C /* Frameworks */,
			);
			sourceTree = "<group>";
		};
		11009C4322A3A1190000C839 /* Products */ = {
			isa = PBXGroup;
			children = (
				11009C4222A3A1190000C839 /* LadyBug.app */,
				11009C5622A3A11A0000C839 /* LadyBugTests.xctest */,
				11009C6122A3A11A0000C839 /* LadyBugUITests.xctest */,
			);
			name = Products;
			sourceTree = "<group>";
		};
		11009C4422A3A1190000C839 /* LadyBug */ = {
			isa = PBXGroup;
			children = (
				11009C4522A3A1190000C839 /* AppDelegate.swift */,
				11009C4722A3A1190000C839 /* ViewController.swift */,
				11D0115222AD4E8C00277184 /* User.swift */,
				11009C7D22A3F4BD0000C839 /* RegisterViewController.swift */,
				11009C7B22A3CEEC0000C839 /* LoginViewController.swift */,
				11009C4922A3A1190000C839 /* Main.storyboard */,
				11009C7322A3A7870000C839 /* logo.png */,
				11009C4C22A3A11A0000C839 /* Assets.xcassets */,
				11009C5122A3A11A0000C839 /* Info.plist */,
			);
			path = LadyBug;
			sourceTree = "<group>";
		};
		11009C5922A3A11A0000C839 /* LadyBugTests */ = {
			isa = PBXGroup;
			children = (
				11009C5A22A3A11A0000C839 /* LadyBugTests.swift */,
				11009C5C22A3A11A0000C839 /* Info.plist */,
			);
			path = LadyBugTests;
			sourceTree = "<group>";
		};
		11009C6422A3A11A0000C839 /* LadyBugUITests */ = {
			isa = PBXGroup;
			children = (
				11009C6522A3A11A0000C839 /* LadyBugUITests.swift */,
				11009C6722A3A11A0000C839 /* Info.plist */,
			);
			path = LadyBugUITests;
			sourceTree = "<group>";
		};
		2AB0BE760A05E6DE2B5121B8 /* Pods */ = {
			isa = PBXGroup;
			children = (
				546A900F41454845F31D2D79 /* Pods-LadyBug.debug.xcconfig */,
				F6CCB5A6F46A404E153E3EC5 /* Pods-LadyBug.release.xcconfig */,
				F01B1EC5AED6879DE679A288 /* Pods-LadyBugTests.debug.xcconfig */,
				A8AA43E4EC66FB27801F2ACC /* Pods-LadyBugTests.release.xcconfig */,
				B4819B3A271D937AF8C80290 /* Pods-LadyBugUITests.debug.xcconfig */,
				82E46ECC8B7EC7E89D9777E4 /* Pods-LadyBugUITests.release.xcconfig */,
			);
			path = Pods;
			sourceTree = "<group>";
		};
		7A7BDB4152F58FE3CF4C208C /* Frameworks */ = {
			isa = PBXGroup;
			children = (
				E99601B7B2FA56DDEB5BA1F7 /* Pods_LadyBug.framework */,
				869C4A0E8588495238B7E886 /* Pods_LadyBugTests.framework */,
				D191025774D521F4442E0383 /* Pods_LadyBugUITests.framework */,
			);
			name = Frameworks;
			sourceTree = "<group>";
		};
/* End PBXGroup section */

/* Begin PBXNativeTarget section */
		11009C4122A3A1190000C839 /* LadyBug */ = {
			isa = PBXNativeTarget;
			buildConfigurationList = 11009C6A22A3A11A0000C839 /* Build configuration list for PBXNativeTarget "LadyBug" */;
			buildPhases = (
				FB90012EF6E5CCF85A5E4477 /* [CP] Check Pods Manifest.lock */,
				11009C3E22A3A1190000C839 /* Sources */,
				11009C3F22A3A1190000C839 /* Frameworks */,
				11009C4022A3A1190000C839 /* Resources */,
				789F6603C4F5EEB0AA7A6110 /* [CP] Embed Pods Frameworks */,
			);
			buildRules = (
			);
			dependencies = (
			);
			name = LadyBug;
			productName = LadyBug;
			productReference = 11009C4222A3A1190000C839 /* LadyBug.app */;
			productType = "com.apple.product-type.application";
		};
		11009C5522A3A11A0000C839 /* LadyBugTests */ = {
			isa = PBXNativeTarget;
			buildConfigurationList = 11009C6D22A3A11A0000C839 /* Build configuration list for PBXNativeTarget "LadyBugTests" */;
			buildPhases = (
				7BF334850AAE52E4006F87B5 /* [CP] Check Pods Manifest.lock */,
				11009C5222A3A11A0000C839 /* Sources */,
				11009C5322A3A11A0000C839 /* Frameworks */,
				11009C5422A3A11A0000C839 /* Resources */,
			);
			buildRules = (
			);
			dependencies = (
				11009C5822A3A11A0000C839 /* PBXTargetDependency */,
			);
			name = LadyBugTests;
			productName = LadyBugTests;
			productReference = 11009C5622A3A11A0000C839 /* LadyBugTests.xctest */;
			productType = "com.apple.product-type.bundle.unit-test";
		};
		11009C6022A3A11A0000C839 /* LadyBugUITests */ = {
			isa = PBXNativeTarget;
			buildConfigurationList = 11009C7022A3A11A0000C839 /* Build configuration list for PBXNativeTarget "LadyBugUITests" */;
			buildPhases = (
				0D27FCAD50DD9CA50C8A4D67 /* [CP] Check Pods Manifest.lock */,
				11009C5D22A3A11A0000C839 /* Sources */,
				11009C5E22A3A11A0000C839 /* Frameworks */,
				11009C5F22A3A11A0000C839 /* Resources */,
			);
			buildRules = (
			);
			dependencies = (
				11009C6322A3A11A0000C839 /* PBXTargetDependency */,
			);
			name = LadyBugUITests;
			productName = LadyBugUITests;
			productReference = 11009C6122A3A11A0000C839 /* LadyBugUITests.xctest */;
			productType = "com.apple.product-type.bundle.ui-testing";
		};
/* End PBXNativeTarget section */

/* Begin PBXProject section */
		11009C3A22A3A1190000C839 /* Project object */ = {
			isa = PBXProject;
			attributes = {
				LastSwiftUpdateCheck = 1020;
				LastUpgradeCheck = 1020;
				ORGANIZATIONNAME = "Batpurev BASKHUU";
				TargetAttributes = {
					11009C4122A3A1190000C839 = {
						CreatedOnToolsVersion = 10.2.1;
					};
					11009C5522A3A11A0000C839 = {
						CreatedOnToolsVersion = 10.2.1;
						TestTargetID = 11009C4122A3A1190000C839;
					};
					11009C6022A3A11A0000C839 = {
						CreatedOnToolsVersion = 10.2.1;
						TestTargetID = 11009C4122A3A1190000C839;
					};
				};
			};
			buildConfigurationList = 11009C3D22A3A1190000C839 /* Build configuration list for PBXProject "LadyBug" */;
			compatibilityVersion = "Xcode 9.3";
			developmentRegion = en;
			hasScannedForEncodings = 0;
			knownRegions = (
				en,
				Base,
			);
			mainGroup = 11009C3922A3A1190000C839;
			productRefGroup = 11009C4322A3A1190000C839 /* Products */;
			projectDirPath = "";
			projectRoot = "";
			targets = (
				11009C4122A3A1190000C839 /* LadyBug */,
				11009C5522A3A11A0000C839 /* LadyBugTests */,
				11009C6022A3A11A0000C839 /* LadyBugUITests */,
			);
		};
/* End PBXProject section */

/* Begin PBXResourcesBuildPhase section */
		11009C4022A3A1190000C839 /* Resources */ = {
			isa = PBXResourcesBuildPhase;
			buildActionMask = 2147483647;
			files = (
				11009C7522A3A7880000C839 /* logo.png in Resources */,
				11009C4D22A3A11A0000C839 /* Assets.xcassets in Resources */,
				11009C4B22A3A1190000C839 /* Main.storyboard in Resources */,
			);
			runOnlyForDeploymentPostprocessing = 0;
		};
		11009C5422A3A11A0000C839 /* Resources */ = {
			isa = PBXResourcesBuildPhase;
			buildActionMask = 2147483647;
			files = (
			);
			runOnlyForDeploymentPostprocessing = 0;
		};
		11009C5F22A3A11A0000C839 /* Resources */ = {
			isa = PBXResourcesBuildPhase;
			buildActionMask = 2147483647;
			files = (
			);
			runOnlyForDeploymentPostprocessing = 0;
		};
/* End PBXResourcesBuildPhase section */

/* Begin PBXShellScriptBuildPhase section */
		0D27FCAD50DD9CA50C8A4D67 /* [CP] Check Pods Manifest.lock */ = {
			isa = PBXShellScriptBuildPhase;
			buildActionMask = 2147483647;
			files = (
			);
			inputFileListPaths = (
			);
			inputPaths = (
				"${PODS_PODFILE_DIR_PATH}/Podfile.lock",
				"${PODS_ROOT}/Manifest.lock",
			);
			name = "[CP] Check Pods Manifest.lock";
			outputFileListPaths = (
			);
			outputPaths = (
				"$(DERIVED_FILE_DIR)/Pods-LadyBugUITests-checkManifestLockResult.txt",
			);
			runOnlyForDeploymentPostprocessing = 0;
			shellPath = /bin/sh;
			shellScript = "diff \"${PODS_PODFILE_DIR_PATH}/Podfile.lock\" \"${PODS_ROOT}/Manifest.lock\" > /dev/null\nif [ $? != 0 ] ; then\n    # print error to STDERR\n    echo \"error: The sandbox is not in sync with the Podfile.lock. Run 'pod install' or update your CocoaPods installation.\" >&2\n    exit 1\nfi\n# This output is used by Xcode 'outputs' to avoid re-running this script phase.\necho \"SUCCESS\" > \"${SCRIPT_OUTPUT_FILE_0}\"\n";
			showEnvVarsInLog = 0;
		};
		789F6603C4F5EEB0AA7A6110 /* [CP] Embed Pods Frameworks */ = {
			isa = PBXShellScriptBuildPhase;
			buildActionMask = 2147483647;
			files = (
			);
			inputFileListPaths = (
				"${PODS_ROOT}/Target Support Files/Pods-LadyBug/Pods-LadyBug-frameworks-${CONFIGURATION}-input-files.xcfilelist",
			);
			name = "[CP] Embed Pods Frameworks";
			outputFileListPaths = (
				"${PODS_ROOT}/Target Support Files/Pods-LadyBug/Pods-LadyBug-frameworks-${CONFIGURATION}-output-files.xcfilelist",
			);
			runOnlyForDeploymentPostprocessing = 0;
			shellPath = /bin/sh;
			shellScript = "\"${PODS_ROOT}/Target Support Files/Pods-LadyBug/Pods-LadyBug-frameworks.sh\"\n";
			showEnvVarsInLog = 0;
		};
		7BF334850AAE52E4006F87B5 /* [CP] Check Pods Manifest.lock */ = {
			isa = PBXShellScriptBuildPhase;
			buildActionMask = 2147483647;
			files = (
			);
			inputFileListPaths = (
			);
			inputPaths = (
				"${PODS_PODFILE_DIR_PATH}/Podfile.lock",
				"${PODS_ROOT}/Manifest.lock",
			);
			name = "[CP] Check Pods Manifest.lock";
			outputFileListPaths = (
			);
			outputPaths = (
				"$(DERIVED_FILE_DIR)/Pods-LadyBugTests-checkManifestLockResult.txt",
			);
			runOnlyForDeploymentPostprocessing = 0;
			shellPath = /bin/sh;
			shellScript = "diff \"${PODS_PODFILE_DIR_PATH}/Podfile.lock\" \"${PODS_ROOT}/Manifest.lock\" > /dev/null\nif [ $? != 0 ] ; then\n    # print error to STDERR\n    echo \"error: The sandbox is not in sync with the Podfile.lock. Run 'pod install' or update your CocoaPods installation.\" >&2\n    exit 1\nfi\n# This output is used by Xcode 'outputs' to avoid re-running this script phase.\necho \"SUCCESS\" > \"${SCRIPT_OUTPUT_FILE_0}\"\n";
			showEnvVarsInLog = 0;
		};
		FB90012EF6E5CCF85A5E4477 /* [CP] Check Pods Manifest.lock */ = {
			isa = PBXShellScriptBuildPhase;
			buildActionMask = 2147483647;
			files = (
			);
			inputFileListPaths = (
			);
			inputPaths = (
				"${PODS_PODFILE_DIR_PATH}/Podfile.lock",
				"${PODS_ROOT}/Manifest.lock",
			);
			name = "[CP] Check Pods Manifest.lock";
			outputFileListPaths = (
			);
			outputPaths = (
				"$(DERIVED_FILE_DIR)/Pods-LadyBug-checkManifestLockResult.txt",
			);
			runOnlyForDeploymentPostprocessing = 0;
			shellPath = /bin/sh;
			shellScript = "diff \"${PODS_PODFILE_DIR_PATH}/Podfile.lock\" \"${PODS_ROOT}/Manifest.lock\" > /dev/null\nif [ $? != 0 ] ; then\n    # print error to STDERR\n    echo \"error: The sandbox is not in sync with the Podfile.lock. Run 'pod install' or update your CocoaPods installation.\" >&2\n    exit 1\nfi\n# This output is used by Xcode 'outputs' to avoid re-running this script phase.\necho \"SUCCESS\" > \"${SCRIPT_OUTPUT_FILE_0}\"\n";
			showEnvVarsInLog = 0;
		};
/* End PBXShellScriptBuildPhase section */

/* Begin PBXSourcesBuildPhase section */
		11009C3E22A3A1190000C839 /* Sources */ = {
			isa = PBXSourcesBuildPhase;
			buildActionMask = 2147483647;
			files = (
				11009C7C22A3CEEC0000C839 /* LoginViewController.swift in Sources */,
				11009C4822A3A1190000C839 /* ViewController.swift in Sources */,
				11009C4622A3A1190000C839 /* AppDelegate.swift in Sources */,
				11D0115322AD4E8C00277184 /* User.swift in Sources */,
				11009C7E22A3F4BD0000C839 /* RegisterViewController.swift in Sources */,
			);
			runOnlyForDeploymentPostprocessing = 0;
		};
		11009C5222A3A11A0000C839 /* Sources */ = {
			isa = PBXSourcesBuildPhase;
			buildActionMask = 2147483647;
			files = (
				11009C5B22A3A11A0000C839 /* LadyBugTests.swift in Sources */,
			);
			runOnlyForDeploymentPostprocessing = 0;
		};
		11009C5D22A3A11A0000C839 /* Sources */ = {
			isa = PBXSourcesBuildPhase;
			buildActionMask = 2147483647;
			files = (
				11009C6622A3A11A0000C839 /* LadyBugUITests.swift in Sources */,
			);
			runOnlyForDeploymentPostprocessing = 0;
		};
/* End PBXSourcesBuildPhase section */

/* Begin PBXTargetDependency section */
		11009C5822A3A11A0000C839 /* PBXTargetDependency */ = {
			isa = PBXTargetDependency;
			target = 11009C4122A3A1190000C839 /* LadyBug */;
			targetProxy = 11009C5722A3A11A0000C839 /* PBXContainerItemProxy */;
		};
		11009C6322A3A11A0000C839 /* PBXTargetDependency */ = {
			isa = PBXTargetDependency;
			target = 11009C4122A3A1190000C839 /* LadyBug */;
			targetProxy = 11009C6222A3A11A0000C839 /* PBXContainerItemProxy */;
		};
/* End PBXTargetDependency section */

/* Begin PBXVariantGroup section */
		11009C4922A3A1190000C839 /* Main.storyboard */ = {
			isa = PBXVariantGroup;
			children = (
				11009C4A22A3A1190000C839 /* Base */,
			);
			name = Main.storyboard;
			sourceTree = "<group>";
		};
		11009C7322A3A7870000C839 /* logo.png */ = {
			isa = PBXVariantGroup;
			children = (
				11009C7422A3A7870000C839 /* Base */,
			);
			name = logo.png;
			sourceTree = "<group>";
		};
/* End PBXVariantGroup section */

/* Begin XCBuildConfiguration section */
		11009C6822A3A11A0000C839 /* Debug */ = {
			isa = XCBuildConfiguration;
			buildSettings = {
				ALWAYS_SEARCH_USER_PATHS = NO;
				CLANG_ANALYZER_NONNULL = YES;
				CLANG_ANALYZER_NUMBER_OBJECT_CONVERSION = YES_AGGRESSIVE;
				CLANG_CXX_LANGUAGE_STANDARD = "gnu++14";
				CLANG_CXX_LIBRARY = "libc++";
				CLANG_ENABLE_MODULES = YES;
				CLANG_ENABLE_OBJC_ARC = YES;
				CLANG_ENABLE_OBJC_WEAK = YES;
				CLANG_WARN_BLOCK_CAPTURE_AUTORELEASING = YES;
				CLANG_WARN_BOOL_CONVERSION = YES;
				CLANG_WARN_COMMA = YES;
				CLANG_WARN_CONSTANT_CONVERSION = YES;
				CLANG_WARN_DEPRECATED_OBJC_IMPLEMENTATIONS = YES;
				CLANG_WARN_DIRECT_OBJC_ISA_USAGE = YES_ERROR;
				CLANG_WARN_DOCUMENTATION_COMMENTS = YES;
				CLANG_WARN_EMPTY_BODY = YES;
				CLANG_WARN_ENUM_CONVERSION = YES;
				CLANG_WARN_INFINITE_RECURSION = YES;
				CLANG_WARN_INT_CONVERSION = YES;
				CLANG_WARN_NON_LITERAL_NULL_CONVERSION = YES;
				CLANG_WARN_OBJC_IMPLICIT_RETAIN_SELF = YES;
				CLANG_WARN_OBJC_LITERAL_CONVERSION = YES;
				CLANG_WARN_OBJC_ROOT_CLASS = YES_ERROR;
				CLANG_WARN_RANGE_LOOP_ANALYSIS = YES;
				CLANG_WARN_STRICT_PROTOTYPES = YES;
				CLANG_WARN_SUSPICIOUS_MOVE = YES;
				CLANG_WARN_UNGUARDED_AVAILABILITY = YES_AGGRESSIVE;
				CLANG_WARN_UNREACHABLE_CODE = YES;
				CLANG_WARN__DUPLICATE_METHOD_MATCH = YES;
				CODE_SIGN_IDENTITY = "iPhone Developer";
				COPY_PHASE_STRIP = NO;
				DEBUG_INFORMATION_FORMAT = dwarf;
				ENABLE_STRICT_OBJC_MSGSEND = YES;
				ENABLE_TESTABILITY = YES;
				GCC_C_LANGUAGE_STANDARD = gnu11;
				GCC_DYNAMIC_NO_PIC = NO;
				GCC_NO_COMMON_BLOCKS = YES;
				GCC_OPTIMIZATION_LEVEL = 0;
				GCC_PREPROCESSOR_DEFINITIONS = (
					"DEBUG=1",
					"$(inherited)",
				);
				GCC_WARN_64_TO_32_BIT_CONVERSION = YES;
				GCC_WARN_ABOUT_RETURN_TYPE = YES_ERROR;
				GCC_WARN_UNDECLARED_SELECTOR = YES;
				GCC_WARN_UNINITIALIZED_AUTOS = YES_AGGRESSIVE;
				GCC_WARN_UNUSED_FUNCTION = YES;
				GCC_WARN_UNUSED_VARIABLE = YES;
				IPHONEOS_DEPLOYMENT_TARGET = 12.2;
				MTL_ENABLE_DEBUG_INFO = INCLUDE_SOURCE;
				MTL_FAST_MATH = YES;
				ONLY_ACTIVE_ARCH = YES;
				SDKROOT = iphoneos;
				SWIFT_ACTIVE_COMPILATION_CONDITIONS = DEBUG;
				SWIFT_OPTIMIZATION_LEVEL = "-Onone";
			};
			name = Debug;
		};
		11009C6922A3A11A0000C839 /* Release */ = {
			isa = XCBuildConfiguration;
			buildSettings = {
				ALWAYS_SEARCH_USER_PATHS = NO;
				CLANG_ANALYZER_NONNULL = YES;
				CLANG_ANALYZER_NUMBER_OBJECT_CONVERSION = YES_AGGRESSIVE;
				CLANG_CXX_LANGUAGE_STANDARD = "gnu++14";
				CLANG_CXX_LIBRARY = "libc++";
				CLANG_ENABLE_MODULES = YES;
				CLANG_ENABLE_OBJC_ARC = YES;
				CLANG_ENABLE_OBJC_WEAK = YES;
				CLANG_WARN_BLOCK_CAPTURE_AUTORELEASING = YES;
				CLANG_WARN_BOOL_CONVERSION = YES;
				CLANG_WARN_COMMA = YES;
				CLANG_WARN_CONSTANT_CONVERSION = YES;
				CLANG_WARN_DEPRECATED_OBJC_IMPLEMENTATIONS = YES;
				CLANG_WARN_DIRECT_OBJC_ISA_USAGE = YES_ERROR;
				CLANG_WARN_DOCUMENTATION_COMMENTS = YES;
				CLANG_WARN_EMPTY_BODY = YES;
				CLANG_WARN_ENUM_CONVERSION = YES;
				CLANG_WARN_INFINITE_RECURSION = YES;
				CLANG_WARN_INT_CONVERSION = YES;
				CLANG_WARN_NON_LITERAL_NULL_CONVERSION = YES;
				CLANG_WARN_OBJC_IMPLICIT_RETAIN_SELF = YES;
				CLANG_WARN_OBJC_LITERAL_CONVERSION = YES;
				CLANG_WARN_OBJC_ROOT_CLASS = YES_ERROR;
				CLANG_WARN_RANGE_LOOP_ANALYSIS = YES;
				CLANG_WARN_STRICT_PROTOTYPES = YES;
				CLANG_WARN_SUSPICIOUS_MOVE = YES;
				CLANG_WARN_UNGUARDED_AVAILABILITY = YES_AGGRESSIVE;
				CLANG_WARN_UNREACHABLE_CODE = YES;
				CLANG_WARN__DUPLICATE_METHOD_MATCH = YES;
				CODE_SIGN_IDENTITY = "iPhone Developer";
				COPY_PHASE_STRIP = NO;
				DEBUG_INFORMATION_FORMAT = "dwarf-with-dsym";
				ENABLE_NS_ASSERTIONS = NO;
				ENABLE_STRICT_OBJC_MSGSEND = YES;
				GCC_C_LANGUAGE_STANDARD = gnu11;
				GCC_NO_COMMON_BLOCKS = YES;
				GCC_WARN_64_TO_32_BIT_CONVERSION = YES;
				GCC_WARN_ABOUT_RETURN_TYPE = YES_ERROR;
				GCC_WARN_UNDECLARED_SELECTOR = YES;
				GCC_WARN_UNINITIALIZED_AUTOS = YES_AGGRESSIVE;
				GCC_WARN_UNUSED_FUNCTION = YES;
				GCC_WARN_UNUSED_VARIABLE = YES;
				IPHONEOS_DEPLOYMENT_TARGET = 12.2;
				MTL_ENABLE_DEBUG_INFO = NO;
				MTL_FAST_MATH = YES;
				SDKROOT = iphoneos;
				SWIFT_COMPILATION_MODE = wholemodule;
				SWIFT_OPTIMIZATION_LEVEL = "-O";
				VALIDATE_PRODUCT = YES;
			};
			name = Release;
		};
		11009C6B22A3A11A0000C839 /* Debug */ = {
			isa = XCBuildConfiguration;
			baseConfigurationReference = 546A900F41454845F31D2D79 /* Pods-LadyBug.debug.xcconfig */;
			buildSettings = {
				ASSETCATALOG_COMPILER_APPICON_NAME = AppIcon;
				CODE_SIGN_STYLE = Automatic;
				INFOPLIST_FILE = LadyBug/Info.plist;
				LD_RUNPATH_SEARCH_PATHS = (
					"$(inherited)",
					"@executable_path/Frameworks",
				);
				PRODUCT_BUNDLE_IDENTIFIER = byZenith.LadyBug;
				PRODUCT_NAME = "$(TARGET_NAME)";
				SWIFT_VERSION = 5.0;
				TARGETED_DEVICE_FAMILY = "1,2";
			};
			name = Debug;
		};
		11009C6C22A3A11A0000C839 /* Release */ = {
			isa = XCBuildConfiguration;
			baseConfigurationReference = F6CCB5A6F46A404E153E3EC5 /* Pods-LadyBug.release.xcconfig */;
			buildSettings = {
				ASSETCATALOG_COMPILER_APPICON_NAME = AppIcon;
				CODE_SIGN_STYLE = Automatic;
				INFOPLIST_FILE = LadyBug/Info.plist;
				LD_RUNPATH_SEARCH_PATHS = (
					"$(inherited)",
					"@executable_path/Frameworks",
				);
				PRODUCT_BUNDLE_IDENTIFIER = byZenith.LadyBug;
				PRODUCT_NAME = "$(TARGET_NAME)";
				SWIFT_VERSION = 5.0;
				TARGETED_DEVICE_FAMILY = "1,2";
			};
			name = Release;
		};
		11009C6E22A3A11A0000C839 /* Debug */ = {
			isa = XCBuildConfiguration;
			baseConfigurationReference = F01B1EC5AED6879DE679A288 /* Pods-LadyBugTests.debug.xcconfig */;
			buildSettings = {
				ALWAYS_EMBED_SWIFT_STANDARD_LIBRARIES = YES;
				BUNDLE_LOADER = "$(TEST_HOST)";
				CODE_SIGN_STYLE = Automatic;
				INFOPLIST_FILE = LadyBugTests/Info.plist;
				LD_RUNPATH_SEARCH_PATHS = (
					"$(inherited)",
					"@executable_path/Frameworks",
					"@loader_path/Frameworks",
				);
				PRODUCT_BUNDLE_IDENTIFIER = byZenith.LadyBugTests;
				PRODUCT_NAME = "$(TARGET_NAME)";
				SWIFT_VERSION = 5.0;
				TARGETED_DEVICE_FAMILY = "1,2";
				TEST_HOST = "$(BUILT_PRODUCTS_DIR)/LadyBug.app/LadyBug";
			};
			name = Debug;
		};
		11009C6F22A3A11A0000C839 /* Release */ = {
			isa = XCBuildConfiguration;
			baseConfigurationReference = A8AA43E4EC66FB27801F2ACC /* Pods-LadyBugTests.release.xcconfig */;
			buildSettings = {
				ALWAYS_EMBED_SWIFT_STANDARD_LIBRARIES = YES;
				BUNDLE_LOADER = "$(TEST_HOST)";
				CODE_SIGN_STYLE = Automatic;
				INFOPLIST_FILE = LadyBugTests/Info.plist;
				LD_RUNPATH_SEARCH_PATHS = (
					"$(inherited)",
					"@executable_path/Frameworks",
					"@loader_path/Frameworks",
				);
				PRODUCT_BUNDLE_IDENTIFIER = byZenith.LadyBugTests;
				PRODUCT_NAME = "$(TARGET_NAME)";
				SWIFT_VERSION = 5.0;
				TARGETED_DEVICE_FAMILY = "1,2";
				TEST_HOST = "$(BUILT_PRODUCTS_DIR)/LadyBug.app/LadyBug";
			};
			name = Release;
		};
		11009C7122A3A11A0000C839 /* Debug */ = {
			isa = XCBuildConfiguration;
			baseConfigurationReference = B4819B3A271D937AF8C80290 /* Pods-LadyBugUITests.debug.xcconfig */;
			buildSettings = {
				ALWAYS_EMBED_SWIFT_STANDARD_LIBRARIES = YES;
				CODE_SIGN_STYLE = Automatic;
				INFOPLIST_FILE = LadyBugUITests/Info.plist;
				LD_RUNPATH_SEARCH_PATHS = (
					"$(inherited)",
					"@executable_path/Frameworks",
					"@loader_path/Frameworks",
				);
				PRODUCT_BUNDLE_IDENTIFIER = byZenith.LadyBugUITests;
				PRODUCT_NAME = "$(TARGET_NAME)";
				SWIFT_VERSION = 5.0;
				TARGETED_DEVICE_FAMILY = "1,2";
				TEST_TARGET_NAME = LadyBug;
			};
			name = Debug;
		};
		11009C7222A3A11A0000C839 /* Release */ = {
			isa = XCBuildConfiguration;
			baseConfigurationReference = 82E46ECC8B7EC7E89D9777E4 /* Pods-LadyBugUITests.release.xcconfig */;
			buildSettings = {
				ALWAYS_EMBED_SWIFT_STANDARD_LIBRARIES = YES;
				CODE_SIGN_STYLE = Automatic;
				INFOPLIST_FILE = LadyBugUITests/Info.plist;
				LD_RUNPATH_SEARCH_PATHS = (
					"$(inherited)",
					"@executable_path/Frameworks",
					"@loader_path/Frameworks",
				);
				PRODUCT_BUNDLE_IDENTIFIER = byZenith.LadyBugUITests;
				PRODUCT_NAME = "$(TARGET_NAME)";
				SWIFT_VERSION = 5.0;
				TARGETED_DEVICE_FAMILY = "1,2";
				TEST_TARGET_NAME = LadyBug;
			};
			name = Release;
		};
/* End XCBuildConfiguration section */

/* Begin XCConfigurationList section */
		11009C3D22A3A1190000C839 /* Build configuration list for PBXProject "LadyBug" */ = {
			isa = XCConfigurationList;
			buildConfigurations = (
				11009C6822A3A11A0000C839 /* Debug */,
				11009C6922A3A11A0000C839 /* Release */,
			);
			defaultConfigurationIsVisible = 0;
			defaultConfigurationName = Release;
		};
		11009C6A22A3A11A0000C839 /* Build configuration list for PBXNativeTarget "LadyBug" */ = {
			isa = XCConfigurationList;
			buildConfigurations = (
				11009C6B22A3A11A0000C839 /* Debug */,
				11009C6C22A3A11A0000C839 /* Release */,
			);
			defaultConfigurationIsVisible = 0;
			defaultConfigurationName = Release;
		};
		11009C6D22A3A11A0000C839 /* Build configuration list for PBXNativeTarget "LadyBugTests" */ = {
			isa = XCConfigurationList;
			buildConfigurations = (
				11009C6E22A3A11A0000C839 /* Debug */,
				11009C6F22A3A11A0000C839 /* Release */,
			);
			defaultConfigurationIsVisible = 0;
			defaultConfigurationName = Release;
		};
		11009C7022A3A11A0000C839 /* Build configuration list for PBXNativeTarget "LadyBugUITests" */ = {
			isa = XCConfigurationList;
			buildConfigurations = (
				11009C7122A3A11A0000C839 /* Debug */,
				11009C7222A3A11A0000C839 /* Release */,
			);
			defaultConfigurationIsVisible = 0;
			defaultConfigurationName = Release;
		};
/* End XCConfigurationList section */
	};
	rootObject = 11009C3A22A3A1190000C839 /* Project object */;
}
