// !$*UTF8*$!
{
	archiveVersion = 1;
	classes = {
	};
	objectVersion = 48;
	objects = {

/* Begin PBXBuildFile section */
		11ECF0E022DF699700678280 /* TopPageViewController.swift in Sources */ = {isa = PBXBuildFile; fileRef = 11ECF0DF22DF699700678280 /* TopPageViewController.swift */; };
		11ECF0E222DF6A2700678280 /* logo.png in Resources */ = {isa = PBXBuildFile; fileRef = 11ECF0E122DF6A2700678280 /* logo.png */; };
		19D0208F68B0BD3A0A8D6451 /* Pods_RealmFirstTry.framework in Frameworks */ = {isa = PBXBuildFile; fileRef = D34D4E6F10F40A66D9A741E3 /* Pods_RealmFirstTry.framework */; };
		2489A9CF1FFD054A00E4C242 /* AppDelegate.swift in Sources */ = {isa = PBXBuildFile; fileRef = 2489A9CE1FFD054A00E4C242 /* AppDelegate.swift */; };
		2489A9D11FFD054A00E4C242 /* UserInfoViewController.swift in Sources */ = {isa = PBXBuildFile; fileRef = 2489A9D01FFD054A00E4C242 /* UserInfoViewController.swift */; };
		2489A9D41FFD054A00E4C242 /* Main.storyboard in Resources */ = {isa = PBXBuildFile; fileRef = 2489A9D21FFD054A00E4C242 /* Main.storyboard */; };
		2489A9D61FFD054A00E4C242 /* Assets.xcassets in Resources */ = {isa = PBXBuildFile; fileRef = 2489A9D51FFD054A00E4C242 /* Assets.xcassets */; };
		2489A9D91FFD054A00E4C242 /* LaunchScreen.storyboard in Resources */ = {isa = PBXBuildFile; fileRef = 2489A9D71FFD054A00E4C242 /* LaunchScreen.storyboard */; };
		2489A9E41FFD054B00E4C242 /* RealmFirstTryTests.swift in Sources */ = {isa = PBXBuildFile; fileRef = 2489A9E31FFD054B00E4C242 /* RealmFirstTryTests.swift */; };
		2489A9EF1FFD054B00E4C242 /* RealmFirstTryUITests.swift in Sources */ = {isa = PBXBuildFile; fileRef = 2489A9EE1FFD054B00E4C242 /* RealmFirstTryUITests.swift */; };
		2489AA001FFD11B600E4C242 /* UserDto.swift in Sources */ = {isa = PBXBuildFile; fileRef = 2489A9FF1FFD11B600E4C242 /* UserDto.swift */; };
		63725102F1BB7B3ED8FFE4FF /* Pods_RealmFirstTryUITests.framework in Frameworks */ = {isa = PBXBuildFile; fileRef = 6536AD5F79F1DDBCAC81D981 /* Pods_RealmFirstTryUITests.framework */; };
		858F6481E725FB87F5A6844F /* Pods_RealmFirstTryTests.framework in Frameworks */ = {isa = PBXBuildFile; fileRef = 1F7D142EECDE36398AD666FC /* Pods_RealmFirstTryTests.framework */; };
/* End PBXBuildFile section */

/* Begin PBXContainerItemProxy section */
		2489A9E01FFD054B00E4C242 /* PBXContainerItemProxy */ = {
			isa = PBXContainerItemProxy;
			containerPortal = 2489A9C31FFD054A00E4C242 /* Project object */;
			proxyType = 1;
			remoteGlobalIDString = 2489A9CA1FFD054A00E4C242;
			remoteInfo = RealmFirstTry;
		};
		2489A9EB1FFD054B00E4C242 /* PBXContainerItemProxy */ = {
			isa = PBXContainerItemProxy;
			containerPortal = 2489A9C31FFD054A00E4C242 /* Project object */;
			proxyType = 1;
			remoteGlobalIDString = 2489A9CA1FFD054A00E4C242;
			remoteInfo = RealmFirstTry;
		};
/* End PBXContainerItemProxy section */

/* Begin PBXFileReference section */
		0382B6C6B0420132F3E6AD1A /* Pods-RealmFirstTryTests.debug.xcconfig */ = {isa = PBXFileReference; includeInIndex = 1; lastKnownFileType = text.xcconfig; name = "Pods-RealmFirstTryTests.debug.xcconfig"; path = "Target Support Files/Pods-RealmFirstTryTests/Pods-RealmFirstTryTests.debug.xcconfig"; sourceTree = "<group>"; };
		11ECF0DF22DF699700678280 /* TopPageViewController.swift */ = {isa = PBXFileReference; lastKnownFileType = sourcecode.swift; path = TopPageViewController.swift; sourceTree = "<group>"; };
		11ECF0E122DF6A2700678280 /* logo.png */ = {isa = PBXFileReference; lastKnownFileType = image.png; path = logo.png; sourceTree = "<group>"; };
		1F7D142EECDE36398AD666FC /* Pods_RealmFirstTryTests.framework */ = {isa = PBXFileReference; explicitFileType = wrapper.framework; includeInIndex = 0; path = Pods_RealmFirstTryTests.framework; sourceTree = BUILT_PRODUCTS_DIR; };
		2489A9CB1FFD054A00E4C242 /* LadyBug.app */ = {isa = PBXFileReference; explicitFileType = wrapper.application; includeInIndex = 0; path = LadyBug.app; sourceTree = BUILT_PRODUCTS_DIR; };
		2489A9CE1FFD054A00E4C242 /* AppDelegate.swift */ = {isa = PBXFileReference; lastKnownFileType = sourcecode.swift; path = AppDelegate.swift; sourceTree = "<group>"; };
		2489A9D01FFD054A00E4C242 /* UserInfoViewController.swift */ = {isa = PBXFileReference; lastKnownFileType = sourcecode.swift; path = UserInfoViewController.swift; sourceTree = "<group>"; };
		2489A9D31FFD054A00E4C242 /* Base */ = {isa = PBXFileReference; lastKnownFileType = file.storyboard; name = Base; path = Base.lproj/Main.storyboard; sourceTree = "<group>"; };
		2489A9D51FFD054A00E4C242 /* Assets.xcassets */ = {isa = PBXFileReference; lastKnownFileType = folder.assetcatalog; path = Assets.xcassets; sourceTree = "<group>"; };
		2489A9D81FFD054A00E4C242 /* Base */ = {isa = PBXFileReference; lastKnownFileType = file.storyboard; name = Base; path = Base.lproj/LaunchScreen.storyboard; sourceTree = "<group>"; };
		2489A9DA1FFD054A00E4C242 /* Info.plist */ = {isa = PBXFileReference; lastKnownFileType = text.plist.xml; path = Info.plist; sourceTree = "<group>"; };
		2489A9DF1FFD054B00E4C242 /* LadyBugTests.xctest */ = {isa = PBXFileReference; explicitFileType = wrapper.cfbundle; includeInIndex = 0; path = LadyBugTests.xctest; sourceTree = BUILT_PRODUCTS_DIR; };
		2489A9E31FFD054B00E4C242 /* RealmFirstTryTests.swift */ = {isa = PBXFileReference; lastKnownFileType = sourcecode.swift; path = RealmFirstTryTests.swift; sourceTree = "<group>"; };
		2489A9E51FFD054B00E4C242 /* Info.plist */ = {isa = PBXFileReference; lastKnownFileType = text.plist.xml; path = Info.plist; sourceTree = "<group>"; };
		2489A9EA1FFD054B00E4C242 /* LadyBugUITests.xctest */ = {isa = PBXFileReference; explicitFileType = wrapper.cfbundle; includeInIndex = 0; path = LadyBugUITests.xctest; sourceTree = BUILT_PRODUCTS_DIR; };
		2489A9EE1FFD054B00E4C242 /* RealmFirstTryUITests.swift */ = {isa = PBXFileReference; lastKnownFileType = sourcecode.swift; path = RealmFirstTryUITests.swift; sourceTree = "<group>"; };
		2489A9F01FFD054B00E4C242 /* Info.plist */ = {isa = PBXFileReference; lastKnownFileType = text.plist.xml; path = Info.plist; sourceTree = "<group>"; };
		2489A9FF1FFD11B600E4C242 /* UserDto.swift */ = {isa = PBXFileReference; lastKnownFileType = sourcecode.swift; path = UserDto.swift; sourceTree = "<group>"; };
		61F3798198AD9FE6CAA609CE /* Pods-RealmFirstTryUITests.debug.xcconfig */ = {isa = PBXFileReference; includeInIndex = 1; lastKnownFileType = text.xcconfig; name = "Pods-RealmFirstTryUITests.debug.xcconfig"; path = "Target Support Files/Pods-RealmFirstTryUITests/Pods-RealmFirstTryUITests.debug.xcconfig"; sourceTree = "<group>"; };
		6536AD5F79F1DDBCAC81D981 /* Pods_RealmFirstTryUITests.framework */ = {isa = PBXFileReference; explicitFileType = wrapper.framework; includeInIndex = 0; path = Pods_RealmFirstTryUITests.framework; sourceTree = BUILT_PRODUCTS_DIR; };
		6AF4AA8EEB305703C4318E6D /* Pods-RealmFirstTry.release.xcconfig */ = {isa = PBXFileReference; includeInIndex = 1; lastKnownFileType = text.xcconfig; name = "Pods-RealmFirstTry.release.xcconfig"; path = "Target Support Files/Pods-RealmFirstTry/Pods-RealmFirstTry.release.xcconfig"; sourceTree = "<group>"; };
		76B24D0A4414B4435468250F /* Pods-RealmFirstTry.debug.xcconfig */ = {isa = PBXFileReference; includeInIndex = 1; lastKnownFileType = text.xcconfig; name = "Pods-RealmFirstTry.debug.xcconfig"; path = "Target Support Files/Pods-RealmFirstTry/Pods-RealmFirstTry.debug.xcconfig"; sourceTree = "<group>"; };
		D34D4E6F10F40A66D9A741E3 /* Pods_RealmFirstTry.framework */ = {isa = PBXFileReference; explicitFileType = wrapper.framework; includeInIndex = 0; path = Pods_RealmFirstTry.framework; sourceTree = BUILT_PRODUCTS_DIR; };
		D4A364C071C330C5A1DBBE4C /* Pods-RealmFirstTryUITests.release.xcconfig */ = {isa = PBXFileReference; includeInIndex = 1; lastKnownFileType = text.xcconfig; name = "Pods-RealmFirstTryUITests.release.xcconfig"; path = "Target Support Files/Pods-RealmFirstTryUITests/Pods-RealmFirstTryUITests.release.xcconfig"; sourceTree = "<group>"; };
		D60070A2ED93B013FE4A6072 /* Pods-RealmFirstTryTests.release.xcconfig */ = {isa = PBXFileReference; includeInIndex = 1; lastKnownFileType = text.xcconfig; name = "Pods-RealmFirstTryTests.release.xcconfig"; path = "Target Support Files/Pods-RealmFirstTryTests/Pods-RealmFirstTryTests.release.xcconfig"; sourceTree = "<group>"; };
/* End PBXFileReference section */

/* Begin PBXFrameworksBuildPhase section */
		2489A9C81FFD054A00E4C242 /* Frameworks */ = {
			isa = PBXFrameworksBuildPhase;
			buildActionMask = 2147483647;
			files = (
				19D0208F68B0BD3A0A8D6451 /* Pods_RealmFirstTry.framework in Frameworks */,
			);
			runOnlyForDeploymentPostprocessing = 0;
		};
		2489A9DC1FFD054B00E4C242 /* Frameworks */ = {
			isa = PBXFrameworksBuildPhase;
			buildActionMask = 2147483647;
			files = (
				858F6481E725FB87F5A6844F /* Pods_RealmFirstTryTests.framework in Frameworks */,
			);
			runOnlyForDeploymentPostprocessing = 0;
		};
		2489A9E71FFD054B00E4C242 /* Frameworks */ = {
			isa = PBXFrameworksBuildPhase;
			buildActionMask = 2147483647;
			files = (
				63725102F1BB7B3ED8FFE4FF /* Pods_RealmFirstTryUITests.framework in Frameworks */,
			);
			runOnlyForDeploymentPostprocessing = 0;
		};
/* End PBXFrameworksBuildPhase section */

/* Begin PBXGroup section */
		2489A9C21FFD054A00E4C242 = {
			isa = PBXGroup;
			children = (
				2489A9CD1FFD054A00E4C242 /* RealmFirstTry */,
				2489A9E21FFD054B00E4C242 /* RealmFirstTryTests */,
				2489A9ED1FFD054B00E4C242 /* RealmFirstTryUITests */,
				2489A9CC1FFD054A00E4C242 /* Products */,
				938466F4FE762C741E9C3D7D /* Pods */,
				3A27A83217D7723E0444B5A0 /* Frameworks */,
			);
			sourceTree = "<group>";
		};
		2489A9CC1FFD054A00E4C242 /* Products */ = {
			isa = PBXGroup;
			children = (
				2489A9CB1FFD054A00E4C242 /* LadyBug.app */,
				2489A9DF1FFD054B00E4C242 /* LadyBugTests.xctest */,
				2489A9EA1FFD054B00E4C242 /* LadyBugUITests.xctest */,
			);
			name = Products;
			sourceTree = "<group>";
		};
		2489A9CD1FFD054A00E4C242 /* RealmFirstTry */ = {
			isa = PBXGroup;
			children = (
				2489A9CE1FFD054A00E4C242 /* AppDelegate.swift */,
				2489A9FD1FFD118500E4C242 /* View */,
				2489A9FC1FFD117600E4C242 /* Model */,
				2489A9D51FFD054A00E4C242 /* Assets.xcassets */,
				2489A9DA1FFD054A00E4C242 /* Info.plist */,
			);
			path = RealmFirstTry;
			sourceTree = "<group>";
		};
		2489A9E21FFD054B00E4C242 /* RealmFirstTryTests */ = {
			isa = PBXGroup;
			children = (
				2489A9E31FFD054B00E4C242 /* RealmFirstTryTests.swift */,
				2489A9E51FFD054B00E4C242 /* Info.plist */,
			);
			path = RealmFirstTryTests;
			sourceTree = "<group>";
		};
		2489A9ED1FFD054B00E4C242 /* RealmFirstTryUITests */ = {
			isa = PBXGroup;
			children = (
				2489A9EE1FFD054B00E4C242 /* RealmFirstTryUITests.swift */,
				2489A9F01FFD054B00E4C242 /* Info.plist */,
			);
			path = RealmFirstTryUITests;
			sourceTree = "<group>";
		};
		2489A9FC1FFD117600E4C242 /* Model */ = {
			isa = PBXGroup;
			children = (
				2489A9FF1FFD11B600E4C242 /* UserDto.swift */,
			);
			path = Model;
			sourceTree = "<group>";
		};
		2489A9FD1FFD118500E4C242 /* View */ = {
			isa = PBXGroup;
			children = (
				2489A9D21FFD054A00E4C242 /* Main.storyboard */,
				2489A9D71FFD054A00E4C242 /* LaunchScreen.storyboard */,
				2489A9D01FFD054A00E4C242 /* UserInfoViewController.swift */,
				11ECF0DF22DF699700678280 /* TopPageViewController.swift */,
				11ECF0E122DF6A2700678280 /* logo.png */,
			);
			path = View;
			sourceTree = "<group>";
		};
		3A27A83217D7723E0444B5A0 /* Frameworks */ = {
			isa = PBXGroup;
			children = (
				D34D4E6F10F40A66D9A741E3 /* Pods_RealmFirstTry.framework */,
				1F7D142EECDE36398AD666FC /* Pods_RealmFirstTryTests.framework */,
				6536AD5F79F1DDBCAC81D981 /* Pods_RealmFirstTryUITests.framework */,
			);
			name = Frameworks;
			sourceTree = "<group>";
		};
		938466F4FE762C741E9C3D7D /* Pods */ = {
			isa = PBXGroup;
			children = (
				76B24D0A4414B4435468250F /* Pods-RealmFirstTry.debug.xcconfig */,
				6AF4AA8EEB305703C4318E6D /* Pods-RealmFirstTry.release.xcconfig */,
				0382B6C6B0420132F3E6AD1A /* Pods-RealmFirstTryTests.debug.xcconfig */,
				D60070A2ED93B013FE4A6072 /* Pods-RealmFirstTryTests.release.xcconfig */,
				61F3798198AD9FE6CAA609CE /* Pods-RealmFirstTryUITests.debug.xcconfig */,
				D4A364C071C330C5A1DBBE4C /* Pods-RealmFirstTryUITests.release.xcconfig */,
			);
			path = Pods;
			sourceTree = "<group>";
		};
/* End PBXGroup section */

/* Begin PBXNativeTarget section */
		2489A9CA1FFD054A00E4C242 /* LadyBug */ = {
			isa = PBXNativeTarget;
			buildConfigurationList = 2489A9F31FFD054B00E4C242 /* Build configuration list for PBXNativeTarget "LadyBug" */;
			buildPhases = (
				22E23F3600F4F987F8272306 /* [CP] Check Pods Manifest.lock */,
				2489A9C71FFD054A00E4C242 /* Sources */,
				2489A9C81FFD054A00E4C242 /* Frameworks */,
				2489A9C91FFD054A00E4C242 /* Resources */,
				C1A0F4BD2C9C6D92C9636389 /* [CP] Embed Pods Frameworks */,
			);
			buildRules = (
			);
			dependencies = (
			);
			name = LadyBug;
			productName = RealmFirstTry;
			productReference = 2489A9CB1FFD054A00E4C242 /* LadyBug.app */;
			productType = "com.apple.product-type.application";
		};
		2489A9DE1FFD054B00E4C242 /* LadyBugTests */ = {
			isa = PBXNativeTarget;
			buildConfigurationList = 2489A9F61FFD054B00E4C242 /* Build configuration list for PBXNativeTarget "LadyBugTests" */;
			buildPhases = (
				FC1DE9ED39C87613EAE66B13 /* [CP] Check Pods Manifest.lock */,
				2489A9DB1FFD054B00E4C242 /* Sources */,
				2489A9DC1FFD054B00E4C242 /* Frameworks */,
				2489A9DD1FFD054B00E4C242 /* Resources */,
			);
			buildRules = (
			);
			dependencies = (
				2489A9E11FFD054B00E4C242 /* PBXTargetDependency */,
			);
			name = LadyBugTests;
			productName = RealmFirstTryTests;
			productReference = 2489A9DF1FFD054B00E4C242 /* LadyBugTests.xctest */;
			productType = "com.apple.product-type.bundle.unit-test";
		};
		2489A9E91FFD054B00E4C242 /* LadyBugUITests */ = {
			isa = PBXNativeTarget;
			buildConfigurationList = 2489A9F91FFD054B00E4C242 /* Build configuration list for PBXNativeTarget "LadyBugUITests" */;
			buildPhases = (
				203BBED30A9CA894C5ED519B /* [CP] Check Pods Manifest.lock */,
				2489A9E61FFD054B00E4C242 /* Sources */,
				2489A9E71FFD054B00E4C242 /* Frameworks */,
				2489A9E81FFD054B00E4C242 /* Resources */,
			);
			buildRules = (
			);
			dependencies = (
				2489A9EC1FFD054B00E4C242 /* PBXTargetDependency */,
			);
			name = LadyBugUITests;
			productName = RealmFirstTryUITests;
			productReference = 2489A9EA1FFD054B00E4C242 /* LadyBugUITests.xctest */;
			productType = "com.apple.product-type.bundle.ui-testing";
		};
/* End PBXNativeTarget section */

/* Begin PBXProject section */
		2489A9C31FFD054A00E4C242 /* Project object */ = {
			isa = PBXProject;
			attributes = {
				LastSwiftUpdateCheck = 0920;
				LastUpgradeCheck = 0920;
				ORGANIZATIONNAME = sakao;
				TargetAttributes = {
					2489A9CA1FFD054A00E4C242 = {
						CreatedOnToolsVersion = 9.2;
						ProvisioningStyle = Automatic;
					};
					2489A9DE1FFD054B00E4C242 = {
						CreatedOnToolsVersion = 9.2;
						ProvisioningStyle = Automatic;
						TestTargetID = 2489A9CA1FFD054A00E4C242;
					};
					2489A9E91FFD054B00E4C242 = {
						CreatedOnToolsVersion = 9.2;
						ProvisioningStyle = Automatic;
						TestTargetID = 2489A9CA1FFD054A00E4C242;
					};
				};
			};
			buildConfigurationList = 2489A9C61FFD054A00E4C242 /* Build configuration list for PBXProject "LadyBug" */;
			compatibilityVersion = "Xcode 8.0";
			developmentRegion = en;
			hasScannedForEncodings = 0;
			knownRegions = (
				en,
				Base,
			);
			mainGroup = 2489A9C21FFD054A00E4C242;
			productRefGroup = 2489A9CC1FFD054A00E4C242 /* Products */;
			projectDirPath = "";
			projectRoot = "";
			targets = (
				2489A9CA1FFD054A00E4C242 /* LadyBug */,
				2489A9DE1FFD054B00E4C242 /* LadyBugTests */,
				2489A9E91FFD054B00E4C242 /* LadyBugUITests */,
			);
		};
/* End PBXProject section */

/* Begin PBXResourcesBuildPhase section */
		2489A9C91FFD054A00E4C242 /* Resources */ = {
			isa = PBXResourcesBuildPhase;
			buildActionMask = 2147483647;
			files = (
				11ECF0E222DF6A2700678280 /* logo.png in Resources */,
				2489A9D91FFD054A00E4C242 /* LaunchScreen.storyboard in Resources */,
				2489A9D61FFD054A00E4C242 /* Assets.xcassets in Resources */,
				2489A9D41FFD054A00E4C242 /* Main.storyboard in Resources */,
			);
			runOnlyForDeploymentPostprocessing = 0;
		};
		2489A9DD1FFD054B00E4C242 /* Resources */ = {
			isa = PBXResourcesBuildPhase;
			buildActionMask = 2147483647;
			files = (
			);
			runOnlyForDeploymentPostprocessing = 0;
		};
		2489A9E81FFD054B00E4C242 /* Resources */ = {
			isa = PBXResourcesBuildPhase;
			buildActionMask = 2147483647;
			files = (
			);
			runOnlyForDeploymentPostprocessing = 0;
		};
/* End PBXResourcesBuildPhase section */

/* Begin PBXShellScriptBuildPhase section */
		203BBED30A9CA894C5ED519B /* [CP] Check Pods Manifest.lock */ = {
			isa = PBXShellScriptBuildPhase;
			buildActionMask = 2147483647;
			files = (
			);
			inputPaths = (
				"${PODS_PODFILE_DIR_PATH}/Podfile.lock",
				"${PODS_ROOT}/Manifest.lock",
			);
			name = "[CP] Check Pods Manifest.lock";
			outputPaths = (
				"$(DERIVED_FILE_DIR)/Pods-RealmFirstTryUITests-checkManifestLockResult.txt",
			);
			runOnlyForDeploymentPostprocessing = 0;
			shellPath = /bin/sh;
			shellScript = "diff \"${PODS_PODFILE_DIR_PATH}/Podfile.lock\" \"${PODS_ROOT}/Manifest.lock\" > /dev/null\nif [ $? != 0 ] ; then\n    # print error to STDERR\n    echo \"error: The sandbox is not in sync with the Podfile.lock. Run 'pod install' or update your CocoaPods installation.\" >&2\n    exit 1\nfi\n# This output is used by Xcode 'outputs' to avoid re-running this script phase.\necho \"SUCCESS\" > \"${SCRIPT_OUTPUT_FILE_0}\"\n";
			showEnvVarsInLog = 0;
		};
		22E23F3600F4F987F8272306 /* [CP] Check Pods Manifest.lock */ = {
			isa = PBXShellScriptBuildPhase;
			buildActionMask = 2147483647;
			files = (
			);
			inputPaths = (
				"${PODS_PODFILE_DIR_PATH}/Podfile.lock",
				"${PODS_ROOT}/Manifest.lock",
			);
			name = "[CP] Check Pods Manifest.lock";
			outputPaths = (
				"$(DERIVED_FILE_DIR)/Pods-RealmFirstTry-checkManifestLockResult.txt",
			);
			runOnlyForDeploymentPostprocessing = 0;
			shellPath = /bin/sh;
			shellScript = "diff \"${PODS_PODFILE_DIR_PATH}/Podfile.lock\" \"${PODS_ROOT}/Manifest.lock\" > /dev/null\nif [ $? != 0 ] ; then\n    # print error to STDERR\n    echo \"error: The sandbox is not in sync with the Podfile.lock. Run 'pod install' or update your CocoaPods installation.\" >&2\n    exit 1\nfi\n# This output is used by Xcode 'outputs' to avoid re-running this script phase.\necho \"SUCCESS\" > \"${SCRIPT_OUTPUT_FILE_0}\"\n";
			showEnvVarsInLog = 0;
		};
		C1A0F4BD2C9C6D92C9636389 /* [CP] Embed Pods Frameworks */ = {
			isa = PBXShellScriptBuildPhase;
			buildActionMask = 2147483647;
			files = (
			);
			inputPaths = (
				"${PODS_ROOT}/Target Support Files/Pods-RealmFirstTry/Pods-RealmFirstTry-frameworks.sh",
				"${BUILT_PRODUCTS_DIR}/Realm/Realm.framework",
				"${BUILT_PRODUCTS_DIR}/RealmSwift/RealmSwift.framework",
			);
			name = "[CP] Embed Pods Frameworks";
			outputPaths = (
				"${TARGET_BUILD_DIR}/${FRAMEWORKS_FOLDER_PATH}/Realm.framework",
				"${TARGET_BUILD_DIR}/${FRAMEWORKS_FOLDER_PATH}/RealmSwift.framework",
			);
			runOnlyForDeploymentPostprocessing = 0;
			shellPath = /bin/sh;
			shellScript = "\"${PODS_ROOT}/Target Support Files/Pods-RealmFirstTry/Pods-RealmFirstTry-frameworks.sh\"\n";
			showEnvVarsInLog = 0;
		};
		FC1DE9ED39C87613EAE66B13 /* [CP] Check Pods Manifest.lock */ = {
			isa = PBXShellScriptBuildPhase;
			buildActionMask = 2147483647;
			files = (
			);
			inputPaths = (
				"${PODS_PODFILE_DIR_PATH}/Podfile.lock",
				"${PODS_ROOT}/Manifest.lock",
			);
			name = "[CP] Check Pods Manifest.lock";
			outputPaths = (
				"$(DERIVED_FILE_DIR)/Pods-RealmFirstTryTests-checkManifestLockResult.txt",
			);
			runOnlyForDeploymentPostprocessing = 0;
			shellPath = /bin/sh;
			shellScript = "diff \"${PODS_PODFILE_DIR_PATH}/Podfile.lock\" \"${PODS_ROOT}/Manifest.lock\" > /dev/null\nif [ $? != 0 ] ; then\n    # print error to STDERR\n    echo \"error: The sandbox is not in sync with the Podfile.lock. Run 'pod install' or update your CocoaPods installation.\" >&2\n    exit 1\nfi\n# This output is used by Xcode 'outputs' to avoid re-running this script phase.\necho \"SUCCESS\" > \"${SCRIPT_OUTPUT_FILE_0}\"\n";
			showEnvVarsInLog = 0;
		};
/* End PBXShellScriptBuildPhase section */

/* Begin PBXSourcesBuildPhase section */
		2489A9C71FFD054A00E4C242 /* Sources */ = {
			isa = PBXSourcesBuildPhase;
			buildActionMask = 2147483647;
			files = (
				2489A9D11FFD054A00E4C242 /* UserInfoViewController.swift in Sources */,
				11ECF0E022DF699700678280 /* TopPageViewController.swift in Sources */,
				2489AA001FFD11B600E4C242 /* UserDto.swift in Sources */,
				2489A9CF1FFD054A00E4C242 /* AppDelegate.swift in Sources */,
			);
			runOnlyForDeploymentPostprocessing = 0;
		};
		2489A9DB1FFD054B00E4C242 /* Sources */ = {
			isa = PBXSourcesBuildPhase;
			buildActionMask = 2147483647;
			files = (
				2489A9E41FFD054B00E4C242 /* RealmFirstTryTests.swift in Sources */,
			);
			runOnlyForDeploymentPostprocessing = 0;
		};
		2489A9E61FFD054B00E4C242 /* Sources */ = {
			isa = PBXSourcesBuildPhase;
			buildActionMask = 2147483647;
			files = (
				2489A9EF1FFD054B00E4C242 /* RealmFirstTryUITests.swift in Sources */,
			);
			runOnlyForDeploymentPostprocessing = 0;
		};
/* End PBXSourcesBuildPhase section */

/* Begin PBXTargetDependency section */
		2489A9E11FFD054B00E4C242 /* PBXTargetDependency */ = {
			isa = PBXTargetDependency;
			target = 2489A9CA1FFD054A00E4C242 /* LadyBug */;
			targetProxy = 2489A9E01FFD054B00E4C242 /* PBXContainerItemProxy */;
		};
		2489A9EC1FFD054B00E4C242 /* PBXTargetDependency */ = {
			isa = PBXTargetDependency;
			target = 2489A9CA1FFD054A00E4C242 /* LadyBug */;
			targetProxy = 2489A9EB1FFD054B00E4C242 /* PBXContainerItemProxy */;
		};
/* End PBXTargetDependency section */

/* Begin PBXVariantGroup section */
		2489A9D21FFD054A00E4C242 /* Main.storyboard */ = {
			isa = PBXVariantGroup;
			children = (
				2489A9D31FFD054A00E4C242 /* Base */,
			);
			name = Main.storyboard;
			sourceTree = "<group>";
		};
		2489A9D71FFD054A00E4C242 /* LaunchScreen.storyboard */ = {
			isa = PBXVariantGroup;
			children = (
				2489A9D81FFD054A00E4C242 /* Base */,
			);
			name = LaunchScreen.storyboard;
			sourceTree = "<group>";
		};
/* End PBXVariantGroup section */

/* Begin XCBuildConfiguration section */
		2489A9F11FFD054B00E4C242 /* Debug */ = {
			isa = XCBuildConfiguration;
			buildSettings = {
				ALWAYS_SEARCH_USER_PATHS = NO;
				CLANG_ANALYZER_NONNULL = YES;
				CLANG_ANALYZER_NUMBER_OBJECT_CONVERSION = YES_AGGRESSIVE;
				CLANG_CXX_LANGUAGE_STANDARD = "gnu++14";
				CLANG_CXX_LIBRARY = "libc++";
				CLANG_ENABLE_MODULES = YES;
				CLANG_ENABLE_OBJC_ARC = YES;
				CLANG_WARN_BLOCK_CAPTURE_AUTORELEASING = YES;
				CLANG_WARN_BOOL_CONVERSION = YES;
				CLANG_WARN_COMMA = YES;
				CLANG_WARN_CONSTANT_CONVERSION = YES;
				CLANG_WARN_DIRECT_OBJC_ISA_USAGE = YES_ERROR;
				CLANG_WARN_DOCUMENTATION_COMMENTS = YES;
				CLANG_WARN_EMPTY_BODY = YES;
				CLANG_WARN_ENUM_CONVERSION = YES;
				CLANG_WARN_INFINITE_RECURSION = YES;
				CLANG_WARN_INT_CONVERSION = YES;
				CLANG_WARN_NON_LITERAL_NULL_CONVERSION = YES;
				CLANG_WARN_OBJC_LITERAL_CONVERSION = YES;
				CLANG_WARN_OBJC_ROOT_CLASS = YES_ERROR;
				CLANG_WARN_RANGE_LOOP_ANALYSIS = YES;
				CLANG_WARN_STRICT_PROTOTYPES = YES;
				CLANG_WARN_SUSPICIOUS_MOVE = YES;
				CLANG_WARN_UNGUARDED_AVAILABILITY = YES_AGGRESSIVE;
				CLANG_WARN_UNREACHABLE_CODE = YES;
				CLANG_WARN__DUPLICATE_METHOD_MATCH = YES;
				CODE_SIGN_IDENTITY = "iPhone Developer";
				COPY_PHASE_STRIP = NO;
				DEBUG_INFORMATION_FORMAT = dwarf;
				ENABLE_STRICT_OBJC_MSGSEND = YES;
				ENABLE_TESTABILITY = YES;
				GCC_C_LANGUAGE_STANDARD = gnu11;
				GCC_DYNAMIC_NO_PIC = NO;
				GCC_NO_COMMON_BLOCKS = YES;
				GCC_OPTIMIZATION_LEVEL = 0;
				GCC_PREPROCESSOR_DEFINITIONS = (
					"DEBUG=1",
					"$(inherited)",
				);
				GCC_WARN_64_TO_32_BIT_CONVERSION = YES;
				GCC_WARN_ABOUT_RETURN_TYPE = YES_ERROR;
				GCC_WARN_UNDECLARED_SELECTOR = YES;
				GCC_WARN_UNINITIALIZED_AUTOS = YES_AGGRESSIVE;
				GCC_WARN_UNUSED_FUNCTION = YES;
				GCC_WARN_UNUSED_VARIABLE = YES;
				IPHONEOS_DEPLOYMENT_TARGET = 11.2;
				MTL_ENABLE_DEBUG_INFO = YES;
				ONLY_ACTIVE_ARCH = YES;
				SDKROOT = iphoneos;
				SWIFT_ACTIVE_COMPILATION_CONDITIONS = DEBUG;
				SWIFT_OPTIMIZATION_LEVEL = "-Onone";
			};
			name = Debug;
		};
		2489A9F21FFD054B00E4C242 /* Release */ = {
			isa = XCBuildConfiguration;
			buildSettings = {
				ALWAYS_SEARCH_USER_PATHS = NO;
				CLANG_ANALYZER_NONNULL = YES;
				CLANG_ANALYZER_NUMBER_OBJECT_CONVERSION = YES_AGGRESSIVE;
				CLANG_CXX_LANGUAGE_STANDARD = "gnu++14";
				CLANG_CXX_LIBRARY = "libc++";
				CLANG_ENABLE_MODULES = YES;
				CLANG_ENABLE_OBJC_ARC = YES;
				CLANG_WARN_BLOCK_CAPTURE_AUTORELEASING = YES;
				CLANG_WARN_BOOL_CONVERSION = YES;
				CLANG_WARN_COMMA = YES;
				CLANG_WARN_CONSTANT_CONVERSION = YES;
				CLANG_WARN_DIRECT_OBJC_ISA_USAGE = YES_ERROR;
				CLANG_WARN_DOCUMENTATION_COMMENTS = YES;
				CLANG_WARN_EMPTY_BODY = YES;
				CLANG_WARN_ENUM_CONVERSION = YES;
				CLANG_WARN_INFINITE_RECURSION = YES;
				CLANG_WARN_INT_CONVERSION = YES;
				CLANG_WARN_NON_LITERAL_NULL_CONVERSION = YES;
				CLANG_WARN_OBJC_LITERAL_CONVERSION = YES;
				CLANG_WARN_OBJC_ROOT_CLASS = YES_ERROR;
				CLANG_WARN_RANGE_LOOP_ANALYSIS = YES;
				CLANG_WARN_STRICT_PROTOTYPES = YES;
				CLANG_WARN_SUSPICIOUS_MOVE = YES;
				CLANG_WARN_UNGUARDED_AVAILABILITY = YES_AGGRESSIVE;
				CLANG_WARN_UNREACHABLE_CODE = YES;
				CLANG_WARN__DUPLICATE_METHOD_MATCH = YES;
				CODE_SIGN_IDENTITY = "iPhone Developer";
				COPY_PHASE_STRIP = NO;
				DEBUG_INFORMATION_FORMAT = "dwarf-with-dsym";
				ENABLE_NS_ASSERTIONS = NO;
				ENABLE_STRICT_OBJC_MSGSEND = YES;
				GCC_C_LANGUAGE_STANDARD = gnu11;
				GCC_NO_COMMON_BLOCKS = YES;
				GCC_WARN_64_TO_32_BIT_CONVERSION = YES;
				GCC_WARN_ABOUT_RETURN_TYPE = YES_ERROR;
				GCC_WARN_UNDECLARED_SELECTOR = YES;
				GCC_WARN_UNINITIALIZED_AUTOS = YES_AGGRESSIVE;
				GCC_WARN_UNUSED_FUNCTION = YES;
				GCC_WARN_UNUSED_VARIABLE = YES;
				IPHONEOS_DEPLOYMENT_TARGET = 11.2;
				MTL_ENABLE_DEBUG_INFO = NO;
				SDKROOT = iphoneos;
				SWIFT_OPTIMIZATION_LEVEL = "-Owholemodule";
				VALIDATE_PRODUCT = YES;
			};
			name = Release;
		};
		2489A9F41FFD054B00E4C242 /* Debug */ = {
			isa = XCBuildConfiguration;
			baseConfigurationReference = 76B24D0A4414B4435468250F /* Pods-RealmFirstTry.debug.xcconfig */;
			buildSettings = {
				ASSETCATALOG_COMPILER_APPICON_NAME = AppIcon;
				CODE_SIGN_STYLE = Automatic;
				DEVELOPMENT_TEAM = "";
				INFOPLIST_FILE = RealmFirstTry/Info.plist;
				LD_RUNPATH_SEARCH_PATHS = "$(inherited) @executable_path/Frameworks";
				PRODUCT_BUNDLE_IDENTIFIER = biz.baskhuu.LadyBug;
				PRODUCT_NAME = "$(TARGET_NAME)";
				SWIFT_VERSION = 4.0;
				TARGETED_DEVICE_FAMILY = "1,2";
			};
			name = Debug;
		};
		2489A9F51FFD054B00E4C242 /* Release */ = {
			isa = XCBuildConfiguration;
			baseConfigurationReference = 6AF4AA8EEB305703C4318E6D /* Pods-RealmFirstTry.release.xcconfig */;
			buildSettings = {
				ASSETCATALOG_COMPILER_APPICON_NAME = AppIcon;
				CODE_SIGN_STYLE = Automatic;
				DEVELOPMENT_TEAM = "";
				INFOPLIST_FILE = RealmFirstTry/Info.plist;
				LD_RUNPATH_SEARCH_PATHS = "$(inherited) @executable_path/Frameworks";
				PRODUCT_BUNDLE_IDENTIFIER = biz.baskhuu.LadyBug;
				PRODUCT_NAME = "$(TARGET_NAME)";
				SWIFT_VERSION = 4.0;
				TARGETED_DEVICE_FAMILY = "1,2";
			};
			name = Release;
		};
		2489A9F71FFD054B00E4C242 /* Debug */ = {
			isa = XCBuildConfiguration;
			baseConfigurationReference = 0382B6C6B0420132F3E6AD1A /* Pods-RealmFirstTryTests.debug.xcconfig */;
			buildSettings = {
				ALWAYS_EMBED_SWIFT_STANDARD_LIBRARIES = YES;
				BUNDLE_LOADER = "$(TEST_HOST)";
				CODE_SIGN_STYLE = Automatic;
				INFOPLIST_FILE = RealmFirstTryTests/Info.plist;
				LD_RUNPATH_SEARCH_PATHS = "$(inherited) @executable_path/Frameworks @loader_path/Frameworks";
				PRODUCT_BUNDLE_IDENTIFIER = biz.sakao.RealmFirstTryTests;
				PRODUCT_NAME = "$(TARGET_NAME)";
				SWIFT_VERSION = 4.0;
				TARGETED_DEVICE_FAMILY = "1,2";
				TEST_HOST = "$(BUILT_PRODUCTS_DIR)/LadyBug.app/LadyBug";
			};
			name = Debug;
		};
		2489A9F81FFD054B00E4C242 /* Release */ = {
			isa = XCBuildConfiguration;
			baseConfigurationReference = D60070A2ED93B013FE4A6072 /* Pods-RealmFirstTryTests.release.xcconfig */;
			buildSettings = {
				ALWAYS_EMBED_SWIFT_STANDARD_LIBRARIES = YES;
				BUNDLE_LOADER = "$(TEST_HOST)";
				CODE_SIGN_STYLE = Automatic;
				INFOPLIST_FILE = RealmFirstTryTests/Info.plist;
				LD_RUNPATH_SEARCH_PATHS = "$(inherited) @executable_path/Frameworks @loader_path/Frameworks";
				PRODUCT_BUNDLE_IDENTIFIER = biz.sakao.RealmFirstTryTests;
				PRODUCT_NAME = "$(TARGET_NAME)";
				SWIFT_VERSION = 4.0;
				TARGETED_DEVICE_FAMILY = "1,2";
				TEST_HOST = "$(BUILT_PRODUCTS_DIR)/LadyBug.app/LadyBug";
			};
			name = Release;
		};
		2489A9FA1FFD054B00E4C242 /* Debug */ = {
			isa = XCBuildConfiguration;
			baseConfigurationReference = 61F3798198AD9FE6CAA609CE /* Pods-RealmFirstTryUITests.debug.xcconfig */;
			buildSettings = {
				ALWAYS_EMBED_SWIFT_STANDARD_LIBRARIES = YES;
				CODE_SIGN_STYLE = Automatic;
				INFOPLIST_FILE = RealmFirstTryUITests/Info.plist;
				LD_RUNPATH_SEARCH_PATHS = "$(inherited) @executable_path/Frameworks @loader_path/Frameworks";
				PRODUCT_BUNDLE_IDENTIFIER = biz.sakao.RealmFirstTryUITests;
				PRODUCT_NAME = "$(TARGET_NAME)";
				SWIFT_VERSION = 4.0;
				TARGETED_DEVICE_FAMILY = "1,2";
				TEST_TARGET_NAME = RealmFirstTry;
			};
			name = Debug;
		};
		2489A9FB1FFD054B00E4C242 /* Release */ = {
			isa = XCBuildConfiguration;
			baseConfigurationReference = D4A364C071C330C5A1DBBE4C /* Pods-RealmFirstTryUITests.release.xcconfig */;
			buildSettings = {
				ALWAYS_EMBED_SWIFT_STANDARD_LIBRARIES = YES;
				CODE_SIGN_STYLE = Automatic;
				INFOPLIST_FILE = RealmFirstTryUITests/Info.plist;
				LD_RUNPATH_SEARCH_PATHS = "$(inherited) @executable_path/Frameworks @loader_path/Frameworks";
				PRODUCT_BUNDLE_IDENTIFIER = biz.sakao.RealmFirstTryUITests;
				PRODUCT_NAME = "$(TARGET_NAME)";
				SWIFT_VERSION = 4.0;
				TARGETED_DEVICE_FAMILY = "1,2";
				TEST_TARGET_NAME = RealmFirstTry;
			};
			name = Release;
		};
/* End XCBuildConfiguration section */

/* Begin XCConfigurationList section */
		2489A9C61FFD054A00E4C242 /* Build configuration list for PBXProject "LadyBug" */ = {
			isa = XCConfigurationList;
			buildConfigurations = (
				2489A9F11FFD054B00E4C242 /* Debug */,
				2489A9F21FFD054B00E4C242 /* Release */,
			);
			defaultConfigurationIsVisible = 0;
			defaultConfigurationName = Release;
		};
		2489A9F31FFD054B00E4C242 /* Build configuration list for PBXNativeTarget "LadyBug" */ = {
			isa = XCConfigurationList;
			buildConfigurations = (
				2489A9F41FFD054B00E4C242 /* Debug */,
				2489A9F51FFD054B00E4C242 /* Release */,
			);
			defaultConfigurationIsVisible = 0;
			defaultConfigurationName = Release;
		};
		2489A9F61FFD054B00E4C242 /* Build configuration list for PBXNativeTarget "LadyBugTests" */ = {
			isa = XCConfigurationList;
			buildConfigurations = (
				2489A9F71FFD054B00E4C242 /* Debug */,
				2489A9F81FFD054B00E4C242 /* Release */,
			);
			defaultConfigurationIsVisible = 0;
			defaultConfigurationName = Release;
		};
		2489A9F91FFD054B00E4C242 /* Build configuration list for PBXNativeTarget "LadyBugUITests" */ = {
			isa = XCConfigurationList;
			buildConfigurations = (
				2489A9FA1FFD054B00E4C242 /* Debug */,
				2489A9FB1FFD054B00E4C242 /* Release */,
			);
			defaultConfigurationIsVisible = 0;
			defaultConfigurationName = Release;
		};
/* End XCConfigurationList section */
	};
	rootObject = 2489A9C31FFD054A00E4C242 /* Project object */;
}
